
Microsoft Visual Studio Solution File, Format Version 12.00
# Visual Studio Version 16
VisualStudioVersion = 16.0.30523.141
MinimumVisualStudioVersion = 10.0.40219.1
Project("{FAE04EC0-301F-11D3-BF4B-00C04F79EFBC}") = "Ciklas_7_Darbas", "Ciklas_7_Darbas.csproj", "{4C448DD7-D751-4019-B095-C19FF2B36579}"
EndProject
Global
	GlobalSection(SolutionConfigurationPlatforms) = preSolution
		Debug|Any CPU = Debug|Any CPU
		Release|Any CPU = Release|Any CPU
	EndGlobalSection
	GlobalSection(ProjectConfigurationPlatforms) = postSolution
		{4C448DD7-D751-4019-B095-C19FF2B36579}.Debug|Any CPU.ActiveCfg = Debug|Any CPU
		{4C448DD7-D751-4019-B095-C19FF2B36579}.Debug|Any CPU.Build.0 = Debug|Any CPU
		{4C448DD7-D751-4019-B095-C19FF2B36579}.Release|Any CPU.ActiveCfg = Release|Any CPU
		{4C448DD7-D751-4019-B095-C19FF2B36579}.Release|Any CPU.Build.0 = Release|Any CPU
	EndGlobalSection
	GlobalSection(SolutionProperties) = preSolution
		HideSolutionNode = FALSE
	EndGlobalSection
	GlobalSection(ExtensibilityGlobals) = postSolution
		SolutionGuid = {585D5F00-0504-45FB-98E0-FD2490F533C4}
	EndGlobalSection
EndGlobal
